{
    "_readme": [
        "This file locks the dependencies of your project to a known state",
        "This file is @generated manually from the exact pinned Composer dependency graph for MeteoNexa 20.1 RC2."
    ],
    "content-hash": "691a6ff6e02926668341f6df54c2a467",
    "packages": [],
    "packages-dev": [
        {
            "name": "clue/ndjson-react",
            "version": "v1.3.0",
            "dist": {
                "type": "zip",
                "url": "https://api.github.com/repos/clue/reactphp-ndjson/zipball/392dc165fce93b5bb5c637b67e59619223c931b0",
                "reference": "392dc165fce93b5bb5c637b67e59619223c931b0",
                "shasum": ""
            },
            "require": {
                "php": ">=5.3",
                "react/stream": "^1.2"
            },
            "type": "library",
            "autoload": {
                "psr-4": {
                    "Clue\\React\\NDJson\\": "src/"
                }
            }
        },
        {
            "name": "composer/pcre",
            "version": "3.4.0",
            "dist": {
                "type": "zip",
                "url": "https://api.github.com/repos/composer/pcre/zipball/d5a341b3fb61f3001970940afb1d332968a183ed",
                "reference": "d5a341b3fb61f3001970940afb1d332968a183ed",
                "shasum": ""
            },
            "require": {
                "php": "^7.4 || ^8.0"
            },
            "type": "library",
            "autoload": {
                "psr-4": {
                    "Composer\\Pcre\\": "src"
                }
            }
        },
        {
            "name": "composer/semver",
            "version": "3.4.4",
            "dist": {
                "type": "zip",
                "url": "https://api.github.com/repos/composer/semver/zipball/198166618906cb2de69b95d7d47e5fa8aa1b2b95",
                "reference": "198166618906cb2de69b95d7d47e5fa8aa1b2b95",
                "shasum": ""
            },
            "require": {
                "php": "^5.3.2 || ^7.0 || ^8.0"
            },
            "type": "library",
            "autoload": {
                "psr-4": {
                    "Composer\\Semver\\": "src"
                }
            }
        },
        {
            "name": "composer/xdebug-handler",
            "version": "3.0.5",
            "dist": {
                "type": "zip",
                "url": "https://api.github.com/repos/composer/xdebug-handler/zipball/6c1925561632e83d60a44492e0b344cf48ab85ef",
                "reference": "6c1925561632e83d60a44492e0b344cf48ab85ef",
                "shasum": ""
            },
            "require": {
                "composer/pcre": "^1 || ^2 || ^3",
                "php": "^7.2.5 || ^8.0",
                "psr/log": "^1 || ^2 || ^3"
            },
            "type": "library",
            "autoload": {
                "psr-4": {
                    "Composer\\XdebugHandler\\": "src"
                }
            }
        },
        {
            "name": "ergebnis/agent-detector",
            "version": "1.2.0",
            "dist": {
                "type": "zip",
                "url": "https://api.github.com/repos/ergebnis/agent-detector/zipball/e211f17928c8b95a51e06040792d57f5462fb271",
                "reference": "e211f17928c8b95a51e06040792d57f5462fb271",
                "shasum": ""
            },
            "require": {
                "php": "~7.4.0 || ~8.0.0 || ~8.1.0 || ~8.2.0 || ~8.3.0 || ~8.4.0 || ~8.5.0 || ~8.6.0"
            },
            "type": "library",
            "autoload": {
                "psr-4": {
                    "Ergebnis\\AgentDetector\\": "src/"
                }
            }
        },
        {
            "name": "evenement/evenement",
            "version": "v3.0.2",
            "dist": {
                "type": "zip",
                "url": "https://api.github.com/repos/igorw/evenement/zipball/0a16b0d71ab13284339abb99d9d2bd813640efbc",
                "reference": "0a16b0d71ab13284339abb99d9d2bd813640efbc",
                "shasum": ""
            },
            "require": {
                "php": ">=7.0"
            },
            "type": "library",
            "autoload": {
                "psr-4": {
                    "Evenement\\": "src/"
                }
            }
        },
        {
            "name": "fidry/cpu-core-counter",
            "version": "1.3.0",
            "dist": {
                "type": "zip",
                "url": "https://api.github.com/repos/theofidry/cpu-core-counter/zipball/db9508f7b1474469d9d3c53b86f817e344732678",
                "reference": "db9508f7b1474469d9d3c53b86f817e344732678",
                "shasum": ""
            },
            "require": {
                "php": "^7.2 || ^8.0"
            },
            "type": "library",
            "autoload": {
                "psr-4": {
                    "Fidry\\CpuCoreCounter\\": "src/"
                }
            }
        },
        {
            "name": "friendsofphp/php-cs-fixer",
            "version": "v3.95.25",
            "dist": {
                "type": "zip",
                "url": "https://api.github.com/repos/PHP-CS-Fixer/PHP-CS-Fixer/zipball/2cdfc1f3daf173d83a1ebb6177949b58c95de6ff",
                "reference": "2cdfc1f3daf173d83a1ebb6177949b58c95de6ff",
                "shasum": ""
            },
            "require": {
                "clue/ndjson-react": "^1.3",
                "composer/semver": "^3.4",
                "composer/xdebug-handler": "^3.0.5",
                "ergebnis/agent-detector": "^1.2",
                "ext-filter": "*",
                "ext-hash": "*",
                "ext-json": "*",
                "ext-tokenizer": "*",
                "fidry/cpu-core-counter": "^1.3",
                "php": "^7.4 || ^8.0",
                "react/child-process": "^0.6.6",
                "react/event-loop": "^1.5",
                "react/socket": "^1.16",
                "react/stream": "^1.4",
                "sebastian/diff": "^4.0.6 || ^5.1.1 || ^6.0.2 || ^7.0 || ^8.0 || ^9.0",
                "symfony/console": "^5.4.47 || ^6.4.24 || ^7.0 || ^8.0",
                "symfony/event-dispatcher": "^5.4.45 || ^6.4.24 || ^7.0 || ^8.0",
                "symfony/filesystem": "^5.4.45 || ^6.4.24 || ^7.0 || ^8.0",
                "symfony/finder": "^5.4.45 || ^6.4.24 || ^7.0 || ^8.0",
                "symfony/options-resolver": "^5.4.45 || ^6.4.24 || ^7.0 || ^8.0",
                "symfony/polyfill-mbstring": "^1.37",
                "symfony/polyfill-php80": "^1.37",
                "symfony/polyfill-php81": "^1.37",
                "symfony/polyfill-php84": "^1.37",
                "symfony/process": "^5.4.47 || ^6.4.24 || ^7.2 || ^8.0",
                "symfony/stopwatch": "^5.4.45 || ^6.4.24 || ^7.0 || ^8.0"
            },
            "type": "application",
            "autoload": {
                "psr-4": {
                    "PhpCsFixer\\": "src/"
                },
                "exclude-from-classmap": [
                    "src/**/Internal/"
                ]
            },
            "bin": [
                "php-cs-fixer"
            ]
        },
        {
            "name": "phpstan/phpstan",
            "version": "2.2.13",
            "dist": {
                "type": "zip",
                "url": "https://api.github.com/repos/phpstan/phpstan/zipball/9ba9ac76ee9c5cf5b56d58eb5deec6315b7a0260",
                "reference": "9ba9ac76ee9c5cf5b56d58eb5deec6315b7a0260",
                "shasum": ""
            },
            "require": {
                "php": "^7.4|^8.0"
            },
            "type": "library",
            "autoload": {
                "files": [
                    "bootstrap.php"
                ]
            },
            "bin": [
                "phpstan",
                "phpstan.phar"
            ]
        },
        {
            "name": "psr/container",
            "version": "1.1.2",
            "dist": {
                "type": "zip",
                "url": "https://api.github.com/repos/php-fig/container/zipball/513e0666f7216c7459170d56df27dfcefe1689ea",
                "reference": "513e0666f7216c7459170d56df27dfcefe1689ea",
                "shasum": ""
            },
            "require": {
                "php": ">=7.4.0"
            },
            "type": "library",
            "autoload": {
                "psr-4": {
                    "Psr\\Container\\": "src/"
                }
            }
        },
        {
            "name": "psr/event-dispatcher",
            "version": "1.0.0",
            "dist": {
                "type": "zip",
                "url": "https://api.github.com/repos/php-fig/event-dispatcher/zipball/dbefd12671e8a14ec7f180cab83036ed26714bb0",
                "reference": "dbefd12671e8a14ec7f180cab83036ed26714bb0",
                "shasum": ""
            },
            "require": {
                "php": ">=7.2.0"
            },
            "type": "library",
            "autoload": {
                "psr-4": {
                    "Psr\\EventDispatcher\\": "src/"
                }
            }
        },
        {
            "name": "psr/log",
            "version": "3.0.2",
            "dist": {
                "type": "zip",
                "url": "https://api.github.com/repos/php-fig/log/zipball/f16e1d5863e37f8d8c2a01719f5b34baa2b714d3",
                "reference": "f16e1d5863e37f8d8c2a01719f5b34baa2b714d3",
                "shasum": ""
            },
            "require": {
                "php": ">=8.0.0"
            },
            "type": "library",
            "autoload": {
                "psr-4": {
                    "Psr\\Log\\": "src"
                }
            }
        },
        {
            "name": "react/cache",
            "version": "v1.2.0",
            "dist": {
                "type": "zip",
                "url": "https://api.github.com/repos/reactphp/cache/zipball/d47c472b64aa5608225f47965a484b75c7817d5b",
                "reference": "d47c472b64aa5608225f47965a484b75c7817d5b",
                "shasum": ""
            },
            "require": {
                "php": ">=5.3.0",
                "react/promise": "^3.0 || ^2.0 || ^1.1"
            },
            "type": "library",
            "autoload": {
                "psr-4": {
                    "React\\Cache\\": "src/"
                }
            }
        },
        {
            "name": "react/child-process",
            "version": "v0.6.7",
            "dist": {
                "type": "zip",
                "url": "https://api.github.com/repos/reactphp/child-process/zipball/970f0e71945556422ee4570ccbabaedc3cf04ad3",
                "reference": "970f0e71945556422ee4570ccbabaedc3cf04ad3",
                "shasum": ""
            },
            "require": {
                "evenement/evenement": "^3.0 || ^2.0 || ^1.0",
                "php": ">=5.3.0",
                "react/event-loop": "^1.2",
                "react/stream": "^1.4"
            },
            "type": "library",
            "autoload": {
                "psr-4": {
                    "React\\ChildProcess\\": "src/"
                }
            }
        },
        {
            "name": "react/dns",
            "version": "v1.14.0",
            "dist": {
                "type": "zip",
                "url": "https://api.github.com/repos/reactphp/dns/zipball/7562c05391f42701c1fccf189c8225fece1cd7c3",
                "reference": "7562c05391f42701c1fccf189c8225fece1cd7c3",
                "shasum": ""
            },
            "require": {
                "php": ">=5.3.0",
                "react/cache": "^1.0 || ^0.6 || ^0.5",
                "react/event-loop": "^1.2",
                "react/promise": "^3.2 || ^2.7 || ^1.2.1"
            },
            "type": "library",
            "autoload": {
                "psr-4": {
                    "React\\Dns\\": "src/"
                }
            }
        },
        {
            "name": "react/event-loop",
            "version": "v1.6.0",
            "dist": {
                "type": "zip",
                "url": "https://api.github.com/repos/reactphp/event-loop/zipball/ba276bda6083df7e0050fd9b33f66ad7a4ac747a",
                "reference": "ba276bda6083df7e0050fd9b33f66ad7a4ac747a",
                "shasum": ""
            },
            "require": {
                "php": ">=5.3.0"
            },
            "type": "library",
            "autoload": {
                "psr-4": {
                    "React\\EventLoop\\": "src/"
                }
            }
        },
        {
            "name": "react/promise",
            "version": "v3.3.0",
            "dist": {
                "type": "zip",
                "url": "https://api.github.com/repos/reactphp/promise/zipball/23444f53a813a3296c1368bb104793ce8d88f04a",
                "reference": "23444f53a813a3296c1368bb104793ce8d88f04a",
                "shasum": ""
            },
            "require": {
                "php": ">=7.1.0"
            },
            "type": "library",
            "autoload": {
                "files": [
                    "src/functions_include.php"
                ],
                "psr-4": {
                    "React\\Promise\\": "src/"
                }
            }
        },
        {
            "name": "react/socket",
            "version": "v1.17.0",
            "dist": {
                "type": "zip",
                "url": "https://api.github.com/repos/reactphp/socket/zipball/ef5b17b81f6f60504c539313f94f2d826c5faa08",
                "reference": "ef5b17b81f6f60504c539313f94f2d826c5faa08",
                "shasum": ""
            },
            "require": {
                "evenement/evenement": "^3.0 || ^2.0 || ^1.0",
                "php": ">=5.3.0",
                "react/dns": "^1.13",
                "react/event-loop": "^1.2",
                "react/promise": "^3.2 || ^2.6 || ^1.2.1",
                "react/stream": "^1.4"
            },
            "type": "library",
            "autoload": {
                "psr-4": {
                    "React\\Socket\\": "src/"
                }
            }
        },
        {
            "name": "react/stream",
            "version": "v1.4.0",
            "dist": {
                "type": "zip",
                "url": "https://api.github.com/repos/reactphp/stream/zipball/1e5b0acb8fe55143b5b426817155190eb6f5b18d",
                "reference": "1e5b0acb8fe55143b5b426817155190eb6f5b18d",
                "shasum": ""
            },
            "require": {
                "evenement/evenement": "^3.0 || ^2.0 || ^1.0",
                "php": ">=5.3.8",
                "react/event-loop": "^1.2"
            },
            "type": "library",
            "autoload": {
                "psr-4": {
                    "React\\Stream\\": "src/"
                }
            }
        },
        {
            "name": "sebastian/diff",
            "version": "6.0.2",
            "dist": {
                "type": "zip",
                "url": "https://api.github.com/repos/sebastianbergmann/diff/zipball/b4ccd857127db5d41a5b676f24b51371d76d8544",
                "reference": "b4ccd857127db5d41a5b676f24b51371d76d8544",
                "shasum": ""
            },
            "require": {
                "php": ">=8.2"
            },
            "type": "library",
            "autoload": {
                "classmap": [
                    "src/"
                ]
            }
        },
        {
            "name": "symfony/console",
            "version": "v6.4.25",
            "dist": {
                "type": "zip",
                "url": "https://api.github.com/repos/symfony/console/zipball/273fd29ff30ba0a88ca5fb83f7cf1ab69306adae",
                "reference": "273fd29ff30ba0a88ca5fb83f7cf1ab69306adae",
                "shasum": ""
            },
            "require": {
                "php": ">=8.1",
                "symfony/deprecation-contracts": "^2.5|^3",
                "symfony/polyfill-mbstring": "~1.0",
                "symfony/service-contracts": "^2.5|^3",
                "symfony/string": "^5.4|^6.0|^7.0"
            },
            "type": "library",
            "autoload": {
                "psr-4": {
                    "Symfony\\Component\\Console\\": ""
                },
                "exclude-from-classmap": [
                    "/Tests/"
                ]
            }
        },
        {
            "name": "symfony/deprecation-contracts",
            "version": "v3.7.1",
            "dist": {
                "type": "zip",
                "url": "https://api.github.com/repos/symfony/deprecation-contracts/zipball/f3202fa1b5097b0af062dc978b32ecf63404e31d",
                "reference": "f3202fa1b5097b0af062dc978b32ecf63404e31d",
                "shasum": ""
            },
            "require": {
                "php": ">=8.1"
            },
            "type": "library",
            "autoload": {
                "files": [
                    "function.php"
                ]
            }
        },
        {
            "name": "symfony/event-dispatcher",
            "version": "v7.4.17",
            "dist": {
                "type": "zip",
                "url": "https://api.github.com/repos/symfony/event-dispatcher/zipball/d269974ee93c61d03620ffee358355bfdb471d66",
                "reference": "d269974ee93c61d03620ffee358355bfdb471d66",
                "shasum": ""
            },
            "require": {
                "php": ">=8.2",
                "symfony/event-dispatcher-contracts": "^2.5|^3"
            },
            "type": "library",
            "autoload": {
                "psr-4": {
                    "Symfony\\Component\\EventDispatcher\\": ""
                },
                "exclude-from-classmap": [
                    "/Tests/"
                ]
            }
        },
        {
            "name": "symfony/event-dispatcher-contracts",
            "version": "v3.7.1",
            "dist": {
                "type": "zip",
                "url": "https://api.github.com/repos/symfony/event-dispatcher-contracts/zipball/c7de7a00ffb67842132da02ea92988a39ccd9f4e",
                "reference": "c7de7a00ffb67842132da02ea92988a39ccd9f4e",
                "shasum": ""
            },
            "require": {
                "php": ">=8.1",
                "psr/event-dispatcher": "^1"
            },
            "type": "library",
            "autoload": {
                "psr-4": {
                    "Symfony\\Contracts\\EventDispatcher\\": ""
                }
            }
        },
        {
            "name": "symfony/filesystem",
            "version": "v6.4.45",
            "dist": {
                "type": "zip",
                "url": "https://api.github.com/repos/symfony/filesystem/zipball/6dabf41c21957a2060f101bd7bf7e322989866bd",
                "reference": "6dabf41c21957a2060f101bd7bf7e322989866bd",
                "shasum": ""
            },
            "require": {
                "php": ">=8.1",
                "symfony/polyfill-ctype": "~1.8",
                "symfony/polyfill-mbstring": "~1.8"
            },
            "type": "library",
            "autoload": {
                "psr-4": {
                    "Symfony\\Component\\Filesystem\\": ""
                },
                "exclude-from-classmap": [
                    "/Tests/"
                ]
            }
        },
        {
            "name": "symfony/finder",
            "version": "v7.4.17",
            "dist": {
                "type": "zip",
                "url": "https://api.github.com/repos/symfony/finder/zipball/5ce28827081f6d1f0c32eaf3882750f19cb5bbe6",
                "reference": "5ce28827081f6d1f0c32eaf3882750f19cb5bbe6",
                "shasum": ""
            },
            "require": {
                "php": ">=8.2"
            },
            "type": "library",
            "autoload": {
                "psr-4": {
                    "Symfony\\Component\\Finder\\": ""
                },
                "exclude-from-classmap": [
                    "/Tests/"
                ]
            }
        },
        {
            "name": "symfony/options-resolver",
            "version": "v7.4.8",
            "dist": {
                "type": "zip",
                "url": "https://api.github.com/repos/symfony/options-resolver/zipball/2888fcdc4dc2fd5f7c7397be78631e8af12e02b4",
                "reference": "2888fcdc4dc2fd5f7c7397be78631e8af12e02b4",
                "shasum": ""
            },
            "require": {
                "php": ">=8.2",
                "symfony/deprecation-contracts": "^2.5|^3"
            },
            "type": "library",
            "autoload": {
                "psr-4": {
                    "Symfony\\Component\\OptionsResolver\\": ""
                },
                "exclude-from-classmap": [
                    "/Tests/"
                ]
            }
        },
        {
            "name": "symfony/polyfill-ctype",
            "version": "v1.37.0",
            "dist": {
                "type": "zip",
                "url": "https://api.github.com/repos/symfony/polyfill-ctype/zipball/141046a8f9477948ff284fa65be2095baafb94f2",
                "reference": "141046a8f9477948ff284fa65be2095baafb94f2",
                "shasum": ""
            },
            "require": {
                "php": ">=7.2"
            },
            "type": "library",
            "autoload": {
                "files": [
                    "bootstrap.php"
                ],
                "psr-4": {
                    "Symfony\\Polyfill\\Ctype\\": ""
                }
            }
        },
        {
            "name": "symfony/polyfill-intl-grapheme",
            "version": "v1.41.0",
            "dist": {
                "type": "zip",
                "url": "https://api.github.com/repos/symfony/polyfill-intl-grapheme/zipball/bb899c1db0aa8127dc3afe8cda4a67eb24915f8d",
                "reference": "bb899c1db0aa8127dc3afe8cda4a67eb24915f8d",
                "shasum": ""
            },
            "require": {
                "php": ">=7.2"
            },
            "type": "library",
            "autoload": {
                "files": [
                    "bootstrap.php"
                ],
                "psr-4": {
                    "Symfony\\Polyfill\\Intl\\Grapheme\\": ""
                }
            }
        },
        {
            "name": "symfony/polyfill-intl-normalizer",
            "version": "v1.42.0",
            "dist": {
                "type": "zip",
                "url": "https://api.github.com/repos/symfony/polyfill-intl-normalizer/zipball/aa20edea75bd9c48cfecc8360922e5a6e5c44502",
                "reference": "aa20edea75bd9c48cfecc8360922e5a6e5c44502",
                "shasum": ""
            },
            "require": {
                "php": ">=7.2"
            },
            "type": "library",
            "autoload": {
                "files": [
                    "bootstrap.php"
                ],
                "psr-4": {
                    "Symfony\\Polyfill\\Intl\\Normalizer\\": ""
                },
                "classmap": [
                    "Resources/stubs"
                ]
            }
        },
        {
            "name": "symfony/polyfill-mbstring",
            "version": "v1.38.2",
            "dist": {
                "type": "zip",
                "url": "https://api.github.com/repos/symfony/polyfill-mbstring/zipball/d3d318bad5e7a1bfbd026009c8bfb8d8f99ae6b6",
                "reference": "d3d318bad5e7a1bfbd026009c8bfb8d8f99ae6b6",
                "shasum": ""
            },
            "require": {
                "ext-iconv": "*",
                "php": ">=7.2"
            },
            "type": "library",
            "autoload": {
                "files": [
                    "bootstrap.php"
                ],
                "psr-4": {
                    "Symfony\\Polyfill\\Mbstring\\": ""
                }
            }
        },
        {
            "name": "symfony/polyfill-php80",
            "version": "v1.37.0",
            "dist": {
                "type": "zip",
                "url": "https://api.github.com/repos/symfony/polyfill-php80/zipball/dfb55726c3a76ea3b6459fcfda1ec2d80a682411",
                "reference": "dfb55726c3a76ea3b6459fcfda1ec2d80a682411",
                "shasum": ""
            },
            "require": {
                "php": ">=7.2"
            },
            "type": "library",
            "autoload": {
                "files": [
                    "bootstrap.php"
                ],
                "psr-4": {
                    "Symfony\\Polyfill\\Php80\\": ""
                },
                "classmap": [
                    "Resources/stubs"
                ]
            }
        },
        {
            "name": "symfony/polyfill-php81",
            "version": "v1.38.1",
            "dist": {
                "type": "zip",
                "url": "https://api.github.com/repos/symfony/polyfill-php81/zipball/6bfb9c766cacffbc8e118cb87217d08ed84e5cd7",
                "reference": "6bfb9c766cacffbc8e118cb87217d08ed84e5cd7",
                "shasum": ""
            },
            "require": {
                "php": ">=7.2"
            },
            "type": "library",
            "autoload": {
                "files": [
                    "bootstrap.php"
                ],
                "psr-4": {
                    "Symfony\\Polyfill\\Php81\\": ""
                },
                "classmap": [
                    "Resources/stubs"
                ]
            }
        },
        {
            "name": "symfony/polyfill-php84",
            "version": "v1.38.1",
            "dist": {
                "type": "zip",
                "url": "https://api.github.com/repos/symfony/polyfill-php84/zipball/f4e1dfaee5b74aba5964fe1fd4dfc7ba5e3085fa",
                "reference": "f4e1dfaee5b74aba5964fe1fd4dfc7ba5e3085fa",
                "shasum": ""
            },
            "require": {
                "php": ">=7.2"
            },
            "type": "library",
            "autoload": {
                "files": [
                    "bootstrap.php"
                ],
                "psr-4": {
                    "Symfony\\Polyfill\\Php84\\": ""
                },
                "classmap": [
                    "Resources/stubs"
                ]
            }
        },
        {
            "name": "symfony/process",
            "version": "v7.4.18",
            "dist": {
                "type": "zip",
                "url": "https://api.github.com/repos/symfony/process/zipball/058d17fc284cce14efb2385783b55014a461b176",
                "reference": "058d17fc284cce14efb2385783b55014a461b176",
                "shasum": ""
            },
            "require": {
                "php": ">=8.2"
            },
            "type": "library",
            "autoload": {
                "psr-4": {
                    "Symfony\\Component\\Process\\": ""
                },
                "exclude-from-classmap": [
                    "/Tests/"
                ]
            }
        },
        {
            "name": "symfony/service-contracts",
            "version": "v3.7.3",
            "dist": {
                "type": "zip",
                "url": "https://api.github.com/repos/symfony/service-contracts/zipball/15e6a07ec2a2c75ceb1b21dd98105ee8456d2257",
                "reference": "15e6a07ec2a2c75ceb1b21dd98105ee8456d2257",
                "shasum": ""
            },
            "require": {
                "php": ">=8.1",
                "psr/container": "^1.1|^2.0",
                "symfony/deprecation-contracts": "^2.5|^3"
            },
            "type": "library",
            "autoload": {
                "psr-4": {
                    "Symfony\\Contracts\\Service\\": ""
                },
                "exclude-from-classmap": [
                    "/Test/"
                ]
            }
        },
        {
            "name": "symfony/stopwatch",
            "version": "v7.4.8",
            "dist": {
                "type": "zip",
                "url": "https://api.github.com/repos/symfony/stopwatch/zipball/70a852d72fec4d51efb1f48dcd968efcaf5ccb89",
                "reference": "70a852d72fec4d51efb1f48dcd968efcaf5ccb89",
                "shasum": ""
            },
            "require": {
                "php": ">=8.2",
                "symfony/service-contracts": "^2.5|^3"
            },
            "type": "library",
            "autoload": {
                "psr-4": {
                    "Symfony\\Component\\Stopwatch\\": ""
                },
                "exclude-from-classmap": [
                    "/Tests/"
                ]
            }
        },
        {
            "name": "symfony/string",
            "version": "v7.4.15",
            "dist": {
                "type": "zip",
                "url": "https://api.github.com/repos/symfony/string/zipball/e394af32256bf9e7bf80849d95e589167c10097b",
                "reference": "e394af32256bf9e7bf80849d95e589167c10097b",
                "shasum": ""
            },
            "require": {
                "php": ">=8.2",
                "symfony/deprecation-contracts": "^2.5|^3.0",
                "symfony/polyfill-ctype": "~1.8",
                "symfony/polyfill-intl-grapheme": "~1.33",
                "symfony/polyfill-intl-normalizer": "~1.0",
                "symfony/polyfill-mbstring": "~1.0"
            },
            "type": "library",
            "autoload": {
                "files": [
                    "Resources/functions.php"
                ],
                "psr-4": {
                    "Symfony\\Component\\String\\": ""
                },
                "exclude-from-classmap": [
                    "/Tests/"
                ]
            }
        }
    ],
    "aliases": [],
    "minimum-stability": "stable",
    "stability-flags": [],
    "prefer-stable": false,
    "prefer-lowest": false,
    "platform": [],
    "platform-dev": [],
    "plugin-api-version": "2.6.0"
}
